
Microsoft Visual Studio Solution File, Format Version 12.00
# Visual Studio Version 17
VisualStudioVersion = 17.6.33723.286
MinimumVisualStudioVersion = 10.0.40219.1
Project("{2150E333-8FDC-42A3-9474-1A3956D46DE8}") = "1.Data", "1.Data", "{1399750B-A738-42B3-A20A-114D0ADF5539}"
EndProject
Project("{2150E333-8FDC-42A3-9474-1A3956D46DE8}") = "2.Bussiness", "2.Bussiness", "{984AC558-1A0E-45D8-AE00-BA392730CA14}"
EndProject
Project("{2150E333-8FDC-42A3-9474-1A3956D46DE8}") = "3.Service", "3.Service", "{9DC48222-DE1A-45CE-87DE-FEC656BD498A}"
EndProject
Project("{FAE04EC0-301F-11D3-BF4B-00C04F79EFBC}") = "Middleware.WCF", "MiddlewareWCF\Middleware.WCF.csproj", "{B416C72F-79FF-4F8D-BD22-06E7E5B1A8CF}"
EndProject
Project("{FAE04EC0-301F-11D3-BF4B-00C04F79EFBC}") = "Middleware.Data", "Middleware.Data\Middleware.Data.csproj", "{D24495A9-08C1-42E0-8F6C-F70C20B59CE6}"
EndProject
Project("{FAE04EC0-301F-11D3-BF4B-00C04F79EFBC}") = "Middleware.Business", "Middleware.Business\Middleware.Business.csproj", "{6AD9E92C-B771-4D24-8509-FF97F028130A}"
EndProject
Project("{2150E333-8FDC-42A3-9474-1A3956D46DE8}") = "4.Entities", "4.Entities", "{A0F54433-704E-4D2F-96C9-F47E70A6A4DC}"
EndProject
Project("{FAE04EC0-301F-11D3-BF4B-00C04F79EFBC}") = "Middleware.Entities", "Middleware.Entities\Middleware.Entities.csproj", "{AA8F1111-F541-42D4-A404-22DBE800D06A}"
EndProject
Global
	GlobalSection(SolutionConfigurationPlatforms) = preSolution
		Debug|Any CPU = Debug|Any CPU
		Release|Any CPU = Release|Any CPU
	EndGlobalSection
	GlobalSection(ProjectConfigurationPlatforms) = postSolution
		{B416C72F-79FF-4F8D-BD22-06E7E5B1A8CF}.Debug|Any CPU.ActiveCfg = Debug|Any CPU
		{B416C72F-79FF-4F8D-BD22-06E7E5B1A8CF}.Debug|Any CPU.Build.0 = Debug|Any CPU
		{B416C72F-79FF-4F8D-BD22-06E7E5B1A8CF}.Release|Any CPU.ActiveCfg = Release|Any CPU
		{B416C72F-79FF-4F8D-BD22-06E7E5B1A8CF}.Release|Any CPU.Build.0 = Release|Any CPU
		{D24495A9-08C1-42E0-8F6C-F70C20B59CE6}.Debug|Any CPU.ActiveCfg = Debug|Any CPU
		{D24495A9-08C1-42E0-8F6C-F70C20B59CE6}.Debug|Any CPU.Build.0 = Debug|Any CPU
		{D24495A9-08C1-42E0-8F6C-F70C20B59CE6}.Release|Any CPU.ActiveCfg = Release|Any CPU
		{D24495A9-08C1-42E0-8F6C-F70C20B59CE6}.Release|Any CPU.Build.0 = Release|Any CPU
		{6AD9E92C-B771-4D24-8509-FF97F028130A}.Debug|Any CPU.ActiveCfg = Debug|Any CPU
		{6AD9E92C-B771-4D24-8509-FF97F028130A}.Debug|Any CPU.Build.0 = Debug|Any CPU
		{6AD9E92C-B771-4D24-8509-FF97F028130A}.Release|Any CPU.ActiveCfg = Release|Any CPU
		{6AD9E92C-B771-4D24-8509-FF97F028130A}.Release|Any CPU.Build.0 = Release|Any CPU
		{AA8F1111-F541-42D4-A404-22DBE800D06A}.Debug|Any CPU.ActiveCfg = Debug|Any CPU
		{AA8F1111-F541-42D4-A404-22DBE800D06A}.Debug|Any CPU.Build.0 = Debug|Any CPU
		{AA8F1111-F541-42D4-A404-22DBE800D06A}.Release|Any CPU.ActiveCfg = Release|Any CPU
		{AA8F1111-F541-42D4-A404-22DBE800D06A}.Release|Any CPU.Build.0 = Release|Any CPU
	EndGlobalSection
	GlobalSection(SolutionProperties) = preSolution
		HideSolutionNode = FALSE
	EndGlobalSection
	GlobalSection(NestedProjects) = preSolution
		{B416C72F-79FF-4F8D-BD22-06E7E5B1A8CF} = {9DC48222-DE1A-45CE-87DE-FEC656BD498A}
		{D24495A9-08C1-42E0-8F6C-F70C20B59CE6} = {1399750B-A738-42B3-A20A-114D0ADF5539}
		{6AD9E92C-B771-4D24-8509-FF97F028130A} = {984AC558-1A0E-45D8-AE00-BA392730CA14}
		{AA8F1111-F541-42D4-A404-22DBE800D06A} = {A0F54433-704E-4D2F-96C9-F47E70A6A4DC}
	EndGlobalSection
	GlobalSection(ExtensibilityGlobals) = postSolution
		SolutionGuid = {8CF7220A-B0AE-4C0A-95D9-EC1A9BE18543}
	EndGlobalSection
EndGlobal
